
Microsoft Visual Studio Solution File, Format Version 12.00
# Visual Studio Version 16
VisualStudioVersion = 16.0.29613.14
MinimumVisualStudioVersion = 10.0.40219.1
Project("{9A19103F-16F7-4668-BE54-9A1E7A4F7556}") = "ES.Web", "Web\ES.Web.csproj", "{D2699AC4-3165-4F1E-95FB-F5164D8036D0}"
EndProject
Project("{9A19103F-16F7-4668-BE54-9A1E7A4F7556}") = "ES.Business", "ES.Business\ES.Business.csproj", "{2481CD39-7DC2-4D63-8850-6F7C41AD668A}"
EndProject
Project("{9A19103F-16F7-4668-BE54-9A1E7A4F7556}") = "ES.Models", "ES.Models\ES.Models.csproj", "{4248BAD2-39CB-4FDE-9F30-2933B42980C0}"
EndProject
Project("{9A19103F-16F7-4668-BE54-9A1E7A4F7556}") = "ES.Core", "ES.Core\ES.Core.csproj", "{529AC8B6-5FA0-459E-AEC6-AA2009A3BEBA}"
EndProject
Project("{FAE04EC0-301F-11D3-BF4B-00C04F79EFBC}") = "ES.Util", "ES.Util\ES.Util.csproj", "{C6CCF251-13E5-432C-89AD-E5A3B70DD99A}"
EndProject
Global
	GlobalSection(SolutionConfigurationPlatforms) = preSolution
		Debug|Any CPU = Debug|Any CPU
		Release|Any CPU = Release|Any CPU
	EndGlobalSection
	GlobalSection(ProjectConfigurationPlatforms) = postSolution
		{D2699AC4-3165-4F1E-95FB-F5164D8036D0}.Debug|Any CPU.ActiveCfg = Debug|Any CPU
		{D2699AC4-3165-4F1E-95FB-F5164D8036D0}.Debug|Any CPU.Build.0 = Debug|Any CPU
		{D2699AC4-3165-4F1E-95FB-F5164D8036D0}.Release|Any CPU.ActiveCfg = Release|Any CPU
		{D2699AC4-3165-4F1E-95FB-F5164D8036D0}.Release|Any CPU.Build.0 = Release|Any CPU
		{2481CD39-7DC2-4D63-8850-6F7C41AD668A}.Debug|Any CPU.ActiveCfg = Debug|Any CPU
		{2481CD39-7DC2-4D63-8850-6F7C41AD668A}.Debug|Any CPU.Build.0 = Debug|Any CPU
		{2481CD39-7DC2-4D63-8850-6F7C41AD668A}.Release|Any CPU.ActiveCfg = Release|Any CPU
		{2481CD39-7DC2-4D63-8850-6F7C41AD668A}.Release|Any CPU.Build.0 = Release|Any CPU
		{4248BAD2-39CB-4FDE-9F30-2933B42980C0}.Debug|Any CPU.ActiveCfg = Debug|Any CPU
		{4248BAD2-39CB-4FDE-9F30-2933B42980C0}.Debug|Any CPU.Build.0 = Debug|Any CPU
		{4248BAD2-39CB-4FDE-9F30-2933B42980C0}.Release|Any CPU.ActiveCfg = Release|Any CPU
		{4248BAD2-39CB-4FDE-9F30-2933B42980C0}.Release|Any CPU.Build.0 = Release|Any CPU
		{529AC8B6-5FA0-459E-AEC6-AA2009A3BEBA}.Debug|Any CPU.ActiveCfg = Debug|Any CPU
		{529AC8B6-5FA0-459E-AEC6-AA2009A3BEBA}.Debug|Any CPU.Build.0 = Debug|Any CPU
		{529AC8B6-5FA0-459E-AEC6-AA2009A3BEBA}.Release|Any CPU.ActiveCfg = Release|Any CPU
		{529AC8B6-5FA0-459E-AEC6-AA2009A3BEBA}.Release|Any CPU.Build.0 = Release|Any CPU
		{C6CCF251-13E5-432C-89AD-E5A3B70DD99A}.Debug|Any CPU.ActiveCfg = Debug|Any CPU
		{C6CCF251-13E5-432C-89AD-E5A3B70DD99A}.Debug|Any CPU.Build.0 = Debug|Any CPU
		{C6CCF251-13E5-432C-89AD-E5A3B70DD99A}.Release|Any CPU.ActiveCfg = Release|Any CPU
		{C6CCF251-13E5-432C-89AD-E5A3B70DD99A}.Release|Any CPU.Build.0 = Release|Any CPU
	EndGlobalSection
	GlobalSection(SolutionProperties) = preSolution
		HideSolutionNode = FALSE
	EndGlobalSection
	GlobalSection(ExtensibilityGlobals) = postSolution
		SolutionGuid = {DEB80DE2-28B0-4A49-AE28-11F426EFEB4F}
	EndGlobalSection
EndGlobal
